
Microsoft Visual Studio Solution File, Format Version 12.00
# Visual Studio Version 16
VisualStudioVersion = 16.0.30804.86
MinimumVisualStudioVersion = 10.0.40219.1
Project("{FAE04EC0-301F-11D3-BF4B-00C04F79EFBC}") = "WebBolaMagica", "WebBolaMagica\WebBolaMagica.csproj", "{E66290C5-214A-420C-988D-5716AF1DFF8E}"
EndProject
Global
	GlobalSection(SolutionConfigurationPlatforms) = preSolution
		Debug|Any CPU = Debug|Any CPU
		Release|Any CPU = Release|Any CPU
	EndGlobalSection
	GlobalSection(ProjectConfigurationPlatforms) = postSolution
		{E66290C5-214A-420C-988D-5716AF1DFF8E}.Debug|Any CPU.ActiveCfg = Debug|Any CPU
		{E66290C5-214A-420C-988D-5716AF1DFF8E}.Debug|Any CPU.Build.0 = Debug|Any CPU
		{E66290C5-214A-420C-988D-5716AF1DFF8E}.Release|Any CPU.ActiveCfg = Release|Any CPU
		{E66290C5-214A-420C-988D-5716AF1DFF8E}.Release|Any CPU.Build.0 = Release|Any CPU
	EndGlobalSection
	GlobalSection(SolutionProperties) = preSolution
		HideSolutionNode = FALSE
	EndGlobalSection
	GlobalSection(ExtensibilityGlobals) = postSolution
		SolutionGuid = {B570DA62-416D-4B8D-AEEB-B5C1E4CAD032}
	EndGlobalSection
EndGlobal
